// !$*UTF8*$!
{
	archiveVersion = 1;
	classes = {
	};
	objectVersion = 46;
	objects = {

/* Begin PBXBuildFile section */
		C72E346817CDD40000AA1815 /* UIKit.framework in Frameworks */ = {isa = PBXBuildFile; fileRef = C72E346717CDD40000AA1815 /* UIKit.framework */; };
		C72E346A17CDD40000AA1815 /* Foundation.framework in Frameworks */ = {isa = PBXBuildFile; fileRef = C72E346917CDD40000AA1815 /* Foundation.framework */; };
		C72E346C17CDD40000AA1815 /* CoreGraphics.framework in Frameworks */ = {isa = PBXBuildFile; fileRef = C72E346B17CDD40000AA1815 /* CoreGraphics.framework */; };
		C72E347217CDD40100AA1815 /* InfoPlist.strings in Resources */ = {isa = PBXBuildFile; fileRef = C72E347017CDD40100AA1815 /* InfoPlist.strings */; };
		C72E347417CDD40200AA1815 /* main.m in Sources */ = {isa = PBXBuildFile; fileRef = C72E347317CDD40200AA1815 /* main.m */; };
		C72E347817CDD40200AA1815 /* NHAAppDelegate.m in Sources */ = {isa = PBXBuildFile; fileRef = C72E347717CDD40200AA1815 /* NHAAppDelegate.m */; };
		C72E347A17CDD40200AA1815 /* Default.png in Resources */ = {isa = PBXBuildFile; fileRef = C72E347917CDD40200AA1815 /* Default.png */; };
		C72E347C17CDD40200AA1815 /* Default@2x.png in Resources */ = {isa = PBXBuildFile; fileRef = C72E347B17CDD40200AA1815 /* Default@2x.png */; };
		C72E347E17CDD40200AA1815 /* Default-568h@2x.png in Resources */ = {isa = PBXBuildFile; fileRef = C72E347D17CDD40200AA1815 /* Default-568h@2x.png */; };
		C72E348117CDD40200AA1815 /* NHAViewController.m in Sources */ = {isa = PBXBuildFile; fileRef = C72E348017CDD40200AA1815 /* NHAViewController.m */; };
		C72E348417CDD40200AA1815 /* NHAViewController.xib in Resources */ = {isa = PBXBuildFile; fileRef = C72E348217CDD40200AA1815 /* NHAViewController.xib */; };
		C72E348C17CDD65900AA1815 /* NHADrawMoon.m in Sources */ = {isa = PBXBuildFile; fileRef = C72E348B17CDD65900AA1815 /* NHADrawMoon.m */; };
/* End PBXBuildFile section */

/* Begin PBXFileReference section */
		C72E346417CDD40000AA1815 /* drawMoon.app */ = {isa = PBXFileReference; explicitFileType = wrapper.application; includeInIndex = 0; path = drawMoon.app; sourceTree = BUILT_PRODUCTS_DIR; };
		C72E346717CDD40000AA1815 /* UIKit.framework */ = {isa = PBXFileReference; lastKnownFileType = wrapper.framework; name = UIKit.framework; path = System/Library/Frameworks/UIKit.framework; sourceTree = SDKROOT; };
		C72E346917CDD40000AA1815 /* Foundation.framework */ = {isa = PBXFileReference; lastKnownFileType = wrapper.framework; name = Foundation.framework; path = System/Library/Frameworks/Foundation.framework; sourceTree = SDKROOT; };
		C72E346B17CDD40000AA1815 /* CoreGraphics.framework */ = {isa = PBXFileReference; lastKnownFileType = wrapper.framework; name = CoreGraphics.framework; path = System/Library/Frameworks/CoreGraphics.framework; sourceTree = SDKROOT; };
		C72E346F17CDD40100AA1815 /* drawMoon-Info.plist */ = {isa = PBXFileReference; lastKnownFileType = text.plist.xml; path = "drawMoon-Info.plist"; sourceTree = "<group>"; };
		C72E347117CDD40100AA1815 /* en */ = {isa = PBXFileReference; lastKnownFileType = text.plist.strings; name = en; path = en.lproj/InfoPlist.strings; sourceTree = "<group>"; };
		C72E347317CDD40200AA1815 /* main.m */ = {isa = PBXFileReference; lastKnownFileType = sourcecode.c.objc; path = main.m; sourceTree = "<group>"; };
		C72E347517CDD40200AA1815 /* drawMoon-Prefix.pch */ = {isa = PBXFileReference; lastKnownFileType = sourcecode.c.h; path = "drawMoon-Prefix.pch"; sourceTree = "<group>"; };
		C72E347617CDD40200AA1815 /* NHAAppDelegate.h */ = {isa = PBXFileReference; lastKnownFileType = sourcecode.c.h; path = NHAAppDelegate.h; sourceTree = "<group>"; };
		C72E347717CDD40200AA1815 /* NHAAppDelegate.m */ = {isa = PBXFileReference; lastKnownFileType = sourcecode.c.objc; path = NHAAppDelegate.m; sourceTree = "<group>"; };
		C72E347917CDD40200AA1815 /* Default.png */ = {isa = PBXFileReference; lastKnownFileType = image.png; path = Default.png; sourceTree = "<group>"; };
		C72E347B17CDD40200AA1815 /* Default@2x.png */ = {isa = PBXFileReference; lastKnownFileType = image.png; path = "Default@2x.png"; sourceTree = "<group>"; };
		C72E347D17CDD40200AA1815 /* Default-568h@2x.png */ = {isa = PBXFileReference; lastKnownFileType = image.png; path = "Default-568h@2x.png"; sourceTree = "<group>"; };
		C72E347F17CDD40200AA1815 /* NHAViewController.h */ = {isa = PBXFileReference; lastKnownFileType = sourcecode.c.h; path = NHAViewController.h; sourceTree = "<group>"; };
		C72E348017CDD40200AA1815 /* NHAViewController.m */ = {isa = PBXFileReference; lastKnownFileType = sourcecode.c.objc; path = NHAViewController.m; sourceTree = "<group>"; };
		C72E348317CDD40200AA1815 /* en */ = {isa = PBXFileReference; lastKnownFileType = file.xib; name = en; path = en.lproj/NHAViewController.xib; sourceTree = "<group>"; };
		C72E348A17CDD65900AA1815 /* NHADrawMoon.h */ = {isa = PBXFileReference; fileEncoding = 4; lastKnownFileType = sourcecode.c.h; path = NHADrawMoon.h; sourceTree = "<group>"; };
		C72E348B17CDD65900AA1815 /* NHADrawMoon.m */ = {isa = PBXFileReference; fileEncoding = 4; lastKnownFileType = sourcecode.c.objc; path = NHADrawMoon.m; sourceTree = "<group>"; };
/* End PBXFileReference section */

/* Begin PBXFrameworksBuildPhase section */
		C72E346117CDD40000AA1815 /* Frameworks */ = {
			isa = PBXFrameworksBuildPhase;
			buildActionMask = 2147483647;
			files = (
				C72E346817CDD40000AA1815 /* UIKit.framework in Frameworks */,
				C72E346A17CDD40000AA1815 /* Foundation.framework in Frameworks */,
				C72E346C17CDD40000AA1815 /* CoreGraphics.framework in Frameworks */,
			);
			runOnlyForDeploymentPostprocessing = 0;
		};
/* End PBXFrameworksBuildPhase section */

/* Begin PBXGroup section */
		C72E345B17CDD3FF00AA1815 = {
			isa = PBXGroup;
			children = (
				C72E346D17CDD40000AA1815 /* drawMoon */,
				C72E346617CDD40000AA1815 /* Frameworks */,
				C72E346517CDD40000AA1815 /* Products */,
			);
			sourceTree = "<group>";
		};
		C72E346517CDD40000AA1815 /* Products */ = {
			isa = PBXGroup;
			children = (
				C72E346417CDD40000AA1815 /* drawMoon.app */,
			);
			name = Products;
			sourceTree = "<group>";
		};
		C72E346617CDD40000AA1815 /* Frameworks */ = {
			isa = PBXGroup;
			children = (
				C72E346717CDD40000AA1815 /* UIKit.framework */,
				C72E346917CDD40000AA1815 /* Foundation.framework */,
				C72E346B17CDD40000AA1815 /* CoreGraphics.framework */,
			);
			name = Frameworks;
			sourceTree = "<group>";
		};
		C72E346D17CDD40000AA1815 /* drawMoon */ = {
			isa = PBXGroup;
			children = (
				C72E347617CDD40200AA1815 /* NHAAppDelegate.h */,
				C72E347717CDD40200AA1815 /* NHAAppDelegate.m */,
				C72E347F17CDD40200AA1815 /* NHAViewController.h */,
				C72E348017CDD40200AA1815 /* NHAViewController.m */,
				C72E348A17CDD65900AA1815 /* NHADrawMoon.h */,
				C72E348B17CDD65900AA1815 /* NHADrawMoon.m */,
				C72E348217CDD40200AA1815 /* NHAViewController.xib */,
				C72E346E17CDD40100AA1815 /* Supporting Files */,
			);
			path = drawMoon;
			sourceTree = "<group>";
		};
		C72E346E17CDD40100AA1815 /* Supporting Files */ = {
			isa = PBXGroup;
			children = (
				C72E346F17CDD40100AA1815 /* drawMoon-Info.plist */,
				C72E347017CDD40100AA1815 /* InfoPlist.strings */,
				C72E347317CDD40200AA1815 /* main.m */,
				C72E347517CDD40200AA1815 /* drawMoon-Prefix.pch */,
				C72E347917CDD40200AA1815 /* Default.png */,
				C72E347B17CDD40200AA1815 /* Default@2x.png */,
				C72E347D17CDD40200AA1815 /* Default-568h@2x.png */,
			);
			name = "Supporting Files";
			sourceTree = "<group>";
		};
/* End PBXGroup section */

/* Begin PBXNativeTarget section */
		C72E346317CDD40000AA1815 /* drawMoon */ = {
			isa = PBXNativeTarget;
			buildConfigurationList = C72E348717CDD40200AA1815 /* Build configuration list for PBXNativeTarget "drawMoon" */;
			buildPhases = (
				C72E346017CDD40000AA1815 /* Sources */,
				C72E346117CDD40000AA1815 /* Frameworks */,
				C72E346217CDD40000AA1815 /* Resources */,
			);
			buildRules = (
			);
			dependencies = (
			);
			name = drawMoon;
			productName = drawMoon;
			productReference = C72E346417CDD40000AA1815 /* drawMoon.app */;
			productType = "com.apple.product-type.application";
		};
/* End PBXNativeTarget section */

/* Begin PBXProject section */
		C72E345C17CDD3FF00AA1815 /* Project object */ = {
			isa = PBXProject;
			attributes = {
				CLASSPREFIX = NHA;
				LastUpgradeCheck = 0460;
				ORGANIZATIONNAME = anhnh;
			};
			buildConfigurationList = C72E345F17CDD3FF00AA1815 /* Build configuration list for PBXProject "drawMoon" */;
			compatibilityVersion = "Xcode 3.2";
			developmentRegion = English;
			hasScannedForEncodings = 0;
			knownRegions = (
				en,
			);
			mainGroup = C72E345B17CDD3FF00AA1815;
			productRefGroup = C72E346517CDD40000AA1815 /* Products */;
			projectDirPath = "";
			projectRoot = "";
			targets = (
				C72E346317CDD40000AA1815 /* drawMoon */,
			);
		};
/* End PBXProject section */

/* Begin PBXResourcesBuildPhase section */
		C72E346217CDD40000AA1815 /* Resources */ = {
			isa = PBXResourcesBuildPhase;
			buildActionMask = 2147483647;
			files = (
				C72E347217CDD40100AA1815 /* InfoPlist.strings in Resources */,
				C72E347A17CDD40200AA1815 /* Default.png in Resources */,
				C72E347C17CDD40200AA1815 /* Default@2x.png in Resources */,
				C72E347E17CDD40200AA1815 /* Default-568h@2x.png in Resources */,
				C72E348417CDD40200AA1815 /* NHAViewController.xib in Resources */,
			);
			runOnlyForDeploymentPostprocessing = 0;
		};
/* End PBXResourcesBuildPhase section */

/* Begin PBXSourcesBuildPhase section */
		C72E346017CDD40000AA1815 /* Sources */ = {
			isa = PBXSourcesBuildPhase;
			buildActionMask = 2147483647;
			files = (
				C72E347417CDD40200AA1815 /* main.m in Sources */,
				C72E347817CDD40200AA1815 /* NHAAppDelegate.m in Sources */,
				C72E348117CDD40200AA1815 /* NHAViewController.m in Sources */,
				C72E348C17CDD65900AA1815 /* NHADrawMoon.m in Sources */,
			);
			runOnlyForDeploymentPostprocessing = 0;
		};
/* End PBXSourcesBuildPhase section */

/* Begin PBXVariantGroup section */
		C72E347017CDD40100AA1815 /* InfoPlist.strings */ = {
			isa = PBXVariantGroup;
			children = (
				C72E347117CDD40100AA1815 /* en */,
			);
			name = InfoPlist.strings;
			sourceTree = "<group>";
		};
		C72E348217CDD40200AA1815 /* NHAViewController.xib */ = {
			isa = PBXVariantGroup;
			children = (
				C72E348317CDD40200AA1815 /* en */,
			);
			name = NHAViewController.xib;
			sourceTree = "<group>";
		};
/* End PBXVariantGroup section */

/* Begin XCBuildConfiguration section */
		C72E348517CDD40200AA1815 /* Debug */ = {
			isa = XCBuildConfiguration;
			buildSettings = {
				ALWAYS_SEARCH_USER_PATHS = NO;
				CLANG_CXX_LANGUAGE_STANDARD = "gnu++0x";
				CLANG_CXX_LIBRARY = "libc++";
				CLANG_ENABLE_OBJC_ARC = YES;
				CLANG_WARN_CONSTANT_CONVERSION = YES;
				CLANG_WARN_EMPTY_BODY = YES;
				CLANG_WARN_ENUM_CONVERSION = YES;
				CLANG_WARN_INT_CONVERSION = YES;
				CLANG_WARN__DUPLICATE_METHOD_MATCH = YES;
				"CODE_SIGN_IDENTITY[sdk=iphoneos*]" = "iPhone Developer";
				COPY_PHASE_STRIP = NO;
				GCC_C_LANGUAGE_STANDARD = gnu99;
				GCC_DYNAMIC_NO_PIC = NO;
				GCC_OPTIMIZATION_LEVEL = 0;
				GCC_PREPROCESSOR_DEFINITIONS = (
					"DEBUG=1",
					"$(inherited)",
				);
				GCC_SYMBOLS_PRIVATE_EXTERN = NO;
				GCC_WARN_ABOUT_RETURN_TYPE = YES;
				GCC_WARN_UNINITIALIZED_AUTOS = YES;
				GCC_WARN_UNUSED_VARIABLE = YES;
				IPHONEOS_DEPLOYMENT_TARGET = 6.1;
				ONLY_ACTIVE_ARCH = YES;
				SDKROOT = iphoneos;
			};
			name = Debug;
		};
		C72E348617CDD40200AA1815 /* Release */ = {
			isa = XCBuildConfiguration;
			buildSettings = {
				ALWAYS_SEARCH_USER_PATHS = NO;
				CLANG_CXX_LANGUAGE_STANDARD = "gnu++0x";
				CLANG_CXX_LIBRARY = "libc++";
				CLANG_ENABLE_OBJC_ARC = YES;
				CLANG_WARN_CONSTANT_CONVERSION = YES;
				CLANG_WARN_EMPTY_BODY = YES;
				CLANG_WARN_ENUM_CONVERSION = YES;
				CLANG_WARN_INT_CONVERSION = YES;
				CLANG_WARN__DUPLICATE_METHOD_MATCH = YES;
				"CODE_SIGN_IDENTITY[sdk=iphoneos*]" = "iPhone Developer";
				COPY_PHASE_STRIP = YES;
				GCC_C_LANGUAGE_STANDARD = gnu99;
				GCC_WARN_ABOUT_RETURN_TYPE = YES;
				GCC_WARN_UNINITIALIZED_AUTOS = YES;
				GCC_WARN_UNUSED_VARIABLE = YES;
				IPHONEOS_DEPLOYMENT_TARGET = 6.1;
				OTHER_CFLAGS = "-DNS_BLOCK_ASSERTIONS=1";
				SDKROOT = iphoneos;
				VALIDATE_PRODUCT = YES;
			};
			name = Release;
		};
		C72E348817CDD40200AA1815 /* Debug */ = {
			isa = XCBuildConfiguration;
			buildSettings = {
				GCC_PRECOMPILE_PREFIX_HEADER = YES;
				GCC_PREFIX_HEADER = "drawMoon/drawMoon-Prefix.pch";
				INFOPLIST_FILE = "drawMoon/drawMoon-Info.plist";
				PRODUCT_NAME = "$(TARGET_NAME)";
				WRAPPER_EXTENSION = app;
			};
			name = Debug;
		};
		C72E348917CDD40200AA1815 /* Release */ = {
			isa = XCBuildConfiguration;
			buildSettings = {
				GCC_PRECOMPILE_PREFIX_HEADER = YES;
				GCC_PREFIX_HEADER = "drawMoon/drawMoon-Prefix.pch";
				INFOPLIST_FILE = "drawMoon/drawMoon-Info.plist";
				PRODUCT_NAME = "$(TARGET_NAME)";
				WRAPPER_EXTENSION = app;
			};
			name = Release;
		};
/* End XCBuildConfiguration section */

/* Begin XCConfigurationList section */
		C72E345F17CDD3FF00AA1815 /* Build configuration list for PBXProject "drawMoon" */ = {
			isa = XCConfigurationList;
			buildConfigurations = (
				C72E348517CDD40200AA1815 /* Debug */,
				C72E348617CDD40200AA1815 /* Release */,
			);
			defaultConfigurationIsVisible = 0;
			defaultConfigurationName = Release;
		};
		C72E348717CDD40200AA1815 /* Build configuration list for PBXNativeTarget "drawMoon" */ = {
			isa = XCConfigurationList;
			buildConfigurations = (
				C72E348817CDD40200AA1815 /* Debug */,
				C72E348917CDD40200AA1815 /* Release */,
			);
			defaultConfigurationIsVisible = 0;
		};
/* End XCConfigurationList section */
	};
	rootObject = C72E345C17CDD3FF00AA1815 /* Project object */;
}
